// !$*UTF8*$!
{
	archiveVersion = 1;
	classes = {
	};
	objectVersion = 46;
	objects = {

/* Begin PBXBuildFile section */
		36F88B721BD5D175000E5EAE /* AppDelegate.swift in Sources */ = {isa = PBXBuildFile; fileRef = 36F88B711BD5D175000E5EAE /* AppDelegate.swift */; };
		36F88B741BD5D175000E5EAE /* ViewController.swift in Sources */ = {isa = PBXBuildFile; fileRef = 36F88B731BD5D175000E5EAE /* ViewController.swift */; };
		36F88B771BD5D176000E5EAE /* Main.storyboard in Resources */ = {isa = PBXBuildFile; fileRef = 36F88B751BD5D176000E5EAE /* Main.storyboard */; };
		36F88B791BD5D176000E5EAE /* Assets.xcassets in Resources */ = {isa = PBXBuildFile; fileRef = 36F88B781BD5D176000E5EAE /* Assets.xcassets */; };
		36F88B871BD5D176000E5EAE /* Week3FirstAppTests.swift in Sources */ = {isa = PBXBuildFile; fileRef = 36F88B861BD5D176000E5EAE /* Week3FirstAppTests.swift */; };
		36F88B921BD5D176000E5EAE /* Week3FirstAppUITests.swift in Sources */ = {isa = PBXBuildFile; fileRef = 36F88B911BD5D176000E5EAE /* Week3FirstAppUITests.swift */; };
		36F88BA21BD5D477000E5EAE /* Base.lproj in Resources */ = {isa = PBXBuildFile; fileRef = 36F88BA11BD5D477000E5EAE /* Base.lproj */; settings = {ASSET_TAGS = (); }; };
		36F88BAC1BD710D5000E5EAE /* ListItem.swift in Sources */ = {isa = PBXBuildFile; fileRef = 36F88BAB1BD710D5000E5EAE /* ListItem.swift */; settings = {ASSET_TAGS = (); }; };
		36F88BAE1BD710EC000E5EAE /* ShoppingList.swift in Sources */ = {isa = PBXBuildFile; fileRef = 36F88BAD1BD710EC000E5EAE /* ShoppingList.swift */; settings = {ASSET_TAGS = (); }; };
/* End PBXBuildFile section */

/* Begin PBXContainerItemProxy section */
		36F88B831BD5D176000E5EAE /* PBXContainerItemProxy */ = {
			isa = PBXContainerItemProxy;
			containerPortal = 36F88B661BD5D175000E5EAE /* Project object */;
			proxyType = 1;
			remoteGlobalIDString = 36F88B6D1BD5D175000E5EAE;
			remoteInfo = Week3FirstApp;
		};
		36F88B8E1BD5D176000E5EAE /* PBXContainerItemProxy */ = {
			isa = PBXContainerItemProxy;
			containerPortal = 36F88B661BD5D175000E5EAE /* Project object */;
			proxyType = 1;
			remoteGlobalIDString = 36F88B6D1BD5D175000E5EAE;
			remoteInfo = Week3FirstApp;
		};
/* End PBXContainerItemProxy section */

/* Begin PBXFileReference section */
		36F88B6E1BD5D175000E5EAE /* Week3FirstApp.app */ = {isa = PBXFileReference; explicitFileType = wrapper.application; includeInIndex = 0; path = Week3FirstApp.app; sourceTree = BUILT_PRODUCTS_DIR; };
		36F88B711BD5D175000E5EAE /* AppDelegate.swift */ = {isa = PBXFileReference; lastKnownFileType = sourcecode.swift; path = AppDelegate.swift; sourceTree = "<group>"; };
		36F88B731BD5D175000E5EAE /* ViewController.swift */ = {isa = PBXFileReference; lastKnownFileType = sourcecode.swift; path = ViewController.swift; sourceTree = "<group>"; };
		36F88B761BD5D176000E5EAE /* Base */ = {isa = PBXFileReference; lastKnownFileType = file.storyboard; name = Base; path = Base.lproj/Main.storyboard; sourceTree = "<group>"; };
		36F88B781BD5D176000E5EAE /* Assets.xcassets */ = {isa = PBXFileReference; lastKnownFileType = folder.assetcatalog; path = Assets.xcassets; sourceTree = "<group>"; };
		36F88B7D1BD5D176000E5EAE /* Info.plist */ = {isa = PBXFileReference; lastKnownFileType = text.plist.xml; path = Info.plist; sourceTree = "<group>"; };
		36F88B821BD5D176000E5EAE /* Week3FirstAppTests.xctest */ = {isa = PBXFileReference; explicitFileType = wrapper.cfbundle; includeInIndex = 0; path = Week3FirstAppTests.xctest; sourceTree = BUILT_PRODUCTS_DIR; };
		36F88B861BD5D176000E5EAE /* Week3FirstAppTests.swift */ = {isa = PBXFileReference; lastKnownFileType = sourcecode.swift; path = Week3FirstAppTests.swift; sourceTree = "<group>"; };
		36F88B881BD5D176000E5EAE /* Info.plist */ = {isa = PBXFileReference; lastKnownFileType = text.plist.xml; path = Info.plist; sourceTree = "<group>"; };
		36F88B8D1BD5D176000E5EAE /* Week3FirstAppUITests.xctest */ = {isa = PBXFileReference; explicitFileType = wrapper.cfbundle; includeInIndex = 0; path = Week3FirstAppUITests.xctest; sourceTree = BUILT_PRODUCTS_DIR; };
		36F88B911BD5D176000E5EAE /* Week3FirstAppUITests.swift */ = {isa = PBXFileReference; lastKnownFileType = sourcecode.swift; path = Week3FirstAppUITests.swift; sourceTree = "<group>"; };
		36F88B931BD5D176000E5EAE /* Info.plist */ = {isa = PBXFileReference; lastKnownFileType = text.plist.xml; path = Info.plist; sourceTree = "<group>"; };
		36F88BA11BD5D477000E5EAE /* Base.lproj */ = {isa = PBXFileReference; lastKnownFileType = folder; name = Base.lproj; path = Week3FirstApp/Base.lproj; sourceTree = "<group>"; };
		36F88BAB1BD710D5000E5EAE /* ListItem.swift */ = {isa = PBXFileReference; fileEncoding = 4; lastKnownFileType = sourcecode.swift; name = ListItem.swift; path = ../../deliverables/ListItem.swift; sourceTree = "<group>"; };
		36F88BAD1BD710EC000E5EAE /* ShoppingList.swift */ = {isa = PBXFileReference; fileEncoding = 4; lastKnownFileType = sourcecode.swift; name = ShoppingList.swift; path = ../../deliverables/ShoppingList.swift; sourceTree = "<group>"; };
/* End PBXFileReference section */

/* Begin PBXFrameworksBuildPhase section */
		36F88B6B1BD5D175000E5EAE /* Frameworks */ = {
			isa = PBXFrameworksBuildPhase;
			buildActionMask = 2147483647;
			files = (
			);
			runOnlyForDeploymentPostprocessing = 0;
		};
		36F88B7F1BD5D176000E5EAE /* Frameworks */ = {
			isa = PBXFrameworksBuildPhase;
			buildActionMask = 2147483647;
			files = (
			);
			runOnlyForDeploymentPostprocessing = 0;
		};
		36F88B8A1BD5D176000E5EAE /* Frameworks */ = {
			isa = PBXFrameworksBuildPhase;
			buildActionMask = 2147483647;
			files = (
			);
			runOnlyForDeploymentPostprocessing = 0;
		};
/* End PBXFrameworksBuildPhase section */

/* Begin PBXGroup section */
		36F88B651BD5D175000E5EAE = {
			isa = PBXGroup;
			children = (
				36F88BA11BD5D477000E5EAE /* Base.lproj */,
				36F88B701BD5D175000E5EAE /* Week3FirstApp */,
				36F88B851BD5D176000E5EAE /* Week3FirstAppTests */,
				36F88B901BD5D176000E5EAE /* Week3FirstAppUITests */,
				36F88B6F1BD5D175000E5EAE /* Products */,
			);
			sourceTree = "<group>";
		};
		36F88B6F1BD5D175000E5EAE /* Products */ = {
			isa = PBXGroup;
			children = (
				36F88B6E1BD5D175000E5EAE /* Week3FirstApp.app */,
				36F88B821BD5D176000E5EAE /* Week3FirstAppTests.xctest */,
				36F88B8D1BD5D176000E5EAE /* Week3FirstAppUITests.xctest */,
			);
			name = Products;
			sourceTree = "<group>";
		};
		36F88B701BD5D175000E5EAE /* Week3FirstApp */ = {
			isa = PBXGroup;
			children = (
				36F88B711BD5D175000E5EAE /* AppDelegate.swift */,
				36F88B731BD5D175000E5EAE /* ViewController.swift */,
				36F88B751BD5D176000E5EAE /* Main.storyboard */,
				36F88B781BD5D176000E5EAE /* Assets.xcassets */,
				36F88BAB1BD710D5000E5EAE /* ListItem.swift */,
				36F88BAD1BD710EC000E5EAE /* ShoppingList.swift */,
				36F88B7D1BD5D176000E5EAE /* Info.plist */,
			);
			path = Week3FirstApp;
			sourceTree = "<group>";
		};
		36F88B851BD5D176000E5EAE /* Week3FirstAppTests */ = {
			isa = PBXGroup;
			children = (
				36F88B861BD5D176000E5EAE /* Week3FirstAppTests.swift */,
				36F88B881BD5D176000E5EAE /* Info.plist */,
			);
			path = Week3FirstAppTests;
			sourceTree = "<group>";
		};
		36F88B901BD5D176000E5EAE /* Week3FirstAppUITests */ = {
			isa = PBXGroup;
			children = (
				36F88B911BD5D176000E5EAE /* Week3FirstAppUITests.swift */,
				36F88B931BD5D176000E5EAE /* Info.plist */,
			);
			path = Week3FirstAppUITests;
			sourceTree = "<group>";
		};
/* End PBXGroup section */

/* Begin PBXNativeTarget section */
		36F88B6D1BD5D175000E5EAE /* Week3FirstApp */ = {
			isa = PBXNativeTarget;
			buildConfigurationList = 36F88B961BD5D176000E5EAE /* Build configuration list for PBXNativeTarget "Week3FirstApp" */;
			buildPhases = (
				36F88B6A1BD5D175000E5EAE /* Sources */,
				36F88B6B1BD5D175000E5EAE /* Frameworks */,
				36F88B6C1BD5D175000E5EAE /* Resources */,
			);
			buildRules = (
			);
			dependencies = (
			);
			name = Week3FirstApp;
			productName = Week3FirstApp;
			productReference = 36F88B6E1BD5D175000E5EAE /* Week3FirstApp.app */;
			productType = "com.apple.product-type.application";
		};
		36F88B811BD5D176000E5EAE /* Week3FirstAppTests */ = {
			isa = PBXNativeTarget;
			buildConfigurationList = 36F88B991BD5D176000E5EAE /* Build configuration list for PBXNativeTarget "Week3FirstAppTests" */;
			buildPhases = (
				36F88B7E1BD5D176000E5EAE /* Sources */,
				36F88B7F1BD5D176000E5EAE /* Frameworks */,
				36F88B801BD5D176000E5EAE /* Resources */,
			);
			buildRules = (
			);
			dependencies = (
				36F88B841BD5D176000E5EAE /* PBXTargetDependency */,
			);
			name = Week3FirstAppTests;
			productName = Week3FirstAppTests;
			productReference = 36F88B821BD5D176000E5EAE /* Week3FirstAppTests.xctest */;
			productType = "com.apple.product-type.bundle.unit-test";
		};
		36F88B8C1BD5D176000E5EAE /* Week3FirstAppUITests */ = {
			isa = PBXNativeTarget;
			buildConfigurationList = 36F88B9C1BD5D176000E5EAE /* Build configuration list for PBXNativeTarget "Week3FirstAppUITests" */;
			buildPhases = (
				36F88B891BD5D176000E5EAE /* Sources */,
				36F88B8A1BD5D176000E5EAE /* Frameworks */,
				36F88B8B1BD5D176000E5EAE /* Resources */,
			);
			buildRules = (
			);
			dependencies = (
				36F88B8F1BD5D176000E5EAE /* PBXTargetDependency */,
			);
			name = Week3FirstAppUITests;
			productName = Week3FirstAppUITests;
			productReference = 36F88B8D1BD5D176000E5EAE /* Week3FirstAppUITests.xctest */;
			productType = "com.apple.product-type.bundle.ui-testing";
		};
/* End PBXNativeTarget section */

/* Begin PBXProject section */
		36F88B661BD5D175000E5EAE /* Project object */ = {
			isa = PBXProject;
			attributes = {
				LastUpgradeCheck = 0700;
				ORGANIZATIONNAME = "Andrew Candelaresi";
				TargetAttributes = {
					36F88B6D1BD5D175000E5EAE = {
						CreatedOnToolsVersion = 7.0.1;
					};
					36F88B811BD5D176000E5EAE = {
						CreatedOnToolsVersion = 7.0.1;
						TestTargetID = 36F88B6D1BD5D175000E5EAE;
					};
					36F88B8C1BD5D176000E5EAE = {
						CreatedOnToolsVersion = 7.0.1;
						TestTargetID = 36F88B6D1BD5D175000E5EAE;
					};
				};
			};
			buildConfigurationList = 36F88B691BD5D175000E5EAE /* Build configuration list for PBXProject "Week3FirstApp" */;
			compatibilityVersion = "Xcode 3.2";
			developmentRegion = English;
			hasScannedForEncodings = 0;
			knownRegions = (
				en,
				Base,
			);
			mainGroup = 36F88B651BD5D175000E5EAE;
			productRefGroup = 36F88B6F1BD5D175000E5EAE /* Products */;
			projectDirPath = "";
			projectRoot = "";
			targets = (
				36F88B6D1BD5D175000E5EAE /* Week3FirstApp */,
				36F88B811BD5D176000E5EAE /* Week3FirstAppTests */,
				36F88B8C1BD5D176000E5EAE /* Week3FirstAppUITests */,
			);
		};
/* End PBXProject section */

/* Begin PBXResourcesBuildPhase section */
		36F88B6C1BD5D175000E5EAE /* Resources */ = {
			isa = PBXResourcesBuildPhase;
			buildActionMask = 2147483647;
			files = (
				36F88B791BD5D176000E5EAE /* Assets.xcassets in Resources */,
				36F88BA21BD5D477000E5EAE /* Base.lproj in Resources */,
				36F88B771BD5D176000E5EAE /* Main.storyboard in Resources */,
			);
			runOnlyForDeploymentPostprocessing = 0;
		};
		36F88B801BD5D176000E5EAE /* Resources */ = {
			isa = PBXResourcesBuildPhase;
			buildActionMask = 2147483647;
			files = (
			);
			runOnlyForDeploymentPostprocessing = 0;
		};
		36F88B8B1BD5D176000E5EAE /* Resources */ = {
			isa = PBXResourcesBuildPhase;
			buildActionMask = 2147483647;
			files = (
			);
			runOnlyForDeploymentPostprocessing = 0;
		};
/* End PBXResourcesBuildPhase section */

/* Begin PBXSourcesBuildPhase section */
		36F88B6A1BD5D175000E5EAE /* Sources */ = {
			isa = PBXSourcesBuildPhase;
			buildActionMask = 2147483647;
			files = (
				36F88BAC1BD710D5000E5EAE /* ListItem.swift in Sources */,
				36F88BAE1BD710EC000E5EAE /* ShoppingList.swift in Sources */,
				36F88B741BD5D175000E5EAE /* ViewController.swift in Sources */,
				36F88B721BD5D175000E5EAE /* AppDelegate.swift in Sources */,
			);
			runOnlyForDeploymentPostprocessing = 0;
		};
		36F88B7E1BD5D176000E5EAE /* Sources */ = {
			isa = PBXSourcesBuildPhase;
			buildActionMask = 2147483647;
			files = (
				36F88B871BD5D176000E5EAE /* Week3FirstAppTests.swift in Sources */,
			);
			runOnlyForDeploymentPostprocessing = 0;
		};
		36F88B891BD5D176000E5EAE /* Sources */ = {
			isa = PBXSourcesBuildPhase;
			buildActionMask = 2147483647;
			files = (
				36F88B921BD5D176000E5EAE /* Week3FirstAppUITests.swift in Sources */,
			);
			runOnlyForDeploymentPostprocessing = 0;
		};
/* End PBXSourcesBuildPhase section */

/* Begin PBXTargetDependency section */
		36F88B841BD5D176000E5EAE /* PBXTargetDependency */ = {
			isa = PBXTargetDependency;
			target = 36F88B6D1BD5D175000E5EAE /* Week3FirstApp */;
			targetProxy = 36F88B831BD5D176000E5EAE /* PBXContainerItemProxy */;
		};
		36F88B8F1BD5D176000E5EAE /* PBXTargetDependency */ = {
			isa = PBXTargetDependency;
			target = 36F88B6D1BD5D175000E5EAE /* Week3FirstApp */;
			targetProxy = 36F88B8E1BD5D176000E5EAE /* PBXContainerItemProxy */;
		};
/* End PBXTargetDependency section */

/* Begin PBXVariantGroup section */
		36F88B751BD5D176000E5EAE /* Main.storyboard */ = {
			isa = PBXVariantGroup;
			children = (
				36F88B761BD5D176000E5EAE /* Base */,
			);
			name = Main.storyboard;
			sourceTree = "<group>";
		};
/* End PBXVariantGroup section */

/* Begin XCBuildConfiguration section */
		36F88B941BD5D176000E5EAE /* Debug */ = {
			isa = XCBuildConfiguration;
			buildSettings = {
				ALWAYS_SEARCH_USER_PATHS = NO;
				CLANG_CXX_LANGUAGE_STANDARD = "gnu++0x";
				CLANG_CXX_LIBRARY = "libc++";
				CLANG_ENABLE_MODULES = YES;
				CLANG_ENABLE_OBJC_ARC = YES;
				CLANG_WARN_BOOL_CONVERSION = YES;
				CLANG_WARN_CONSTANT_CONVERSION = YES;
				CLANG_WARN_DIRECT_OBJC_ISA_USAGE = YES_ERROR;
				CLANG_WARN_EMPTY_BODY = YES;
				CLANG_WARN_ENUM_CONVERSION = YES;
				CLANG_WARN_INT_CONVERSION = YES;
				CLANG_WARN_OBJC_ROOT_CLASS = YES_ERROR;
				CLANG_WARN_UNREACHABLE_CODE = YES;
				CLANG_WARN__DUPLICATE_METHOD_MATCH = YES;
				"CODE_SIGN_IDENTITY[sdk=iphoneos*]" = "iPhone Developer";
				COPY_PHASE_STRIP = NO;
				DEBUG_INFORMATION_FORMAT = dwarf;
				ENABLE_STRICT_OBJC_MSGSEND = YES;
				ENABLE_TESTABILITY = YES;
				GCC_C_LANGUAGE_STANDARD = gnu99;
				GCC_DYNAMIC_NO_PIC = NO;
				GCC_NO_COMMON_BLOCKS = YES;
				GCC_OPTIMIZATION_LEVEL = 0;
				GCC_PREPROCESSOR_DEFINITIONS = (
					"DEBUG=1",
					"$(inherited)",
				);
				GCC_WARN_64_TO_32_BIT_CONVERSION = YES;
				GCC_WARN_ABOUT_RETURN_TYPE = YES_ERROR;
				GCC_WARN_UNDECLARED_SELECTOR = YES;
				GCC_WARN_UNINITIALIZED_AUTOS = YES_AGGRESSIVE;
				GCC_WARN_UNUSED_FUNCTION = YES;
				GCC_WARN_UNUSED_VARIABLE = YES;
				IPHONEOS_DEPLOYMENT_TARGET = 9.0;
				MTL_ENABLE_DEBUG_INFO = YES;
				ONLY_ACTIVE_ARCH = YES;
				SDKROOT = iphoneos;
				SWIFT_OPTIMIZATION_LEVEL = "-Onone";
			};
			name = Debug;
		};
		36F88B951BD5D176000E5EAE /* Release */ = {
			isa = XCBuildConfiguration;
			buildSettings = {
				ALWAYS_SEARCH_USER_PATHS = NO;
				CLANG_CXX_LANGUAGE_STANDARD = "gnu++0x";
				CLANG_CXX_LIBRARY = "libc++";
				CLANG_ENABLE_MODULES = YES;
				CLANG_ENABLE_OBJC_ARC = YES;
				CLANG_WARN_BOOL_CONVERSION = YES;
				CLANG_WARN_CONSTANT_CONVERSION = YES;
				CLANG_WARN_DIRECT_OBJC_ISA_USAGE = YES_ERROR;
				CLANG_WARN_EMPTY_BODY = YES;
				CLANG_WARN_ENUM_CONVERSION = YES;
				CLANG_WARN_INT_CONVERSION = YES;
				CLANG_WARN_OBJC_ROOT_CLASS = YES_ERROR;
				CLANG_WARN_UNREACHABLE_CODE = YES;
				CLANG_WARN__DUPLICATE_METHOD_MATCH = YES;
				"CODE_SIGN_IDENTITY[sdk=iphoneos*]" = "iPhone Developer";
				COPY_PHASE_STRIP = NO;
				DEBUG_INFORMATION_FORMAT = "dwarf-with-dsym";
				ENABLE_NS_ASSERTIONS = NO;
				ENABLE_STRICT_OBJC_MSGSEND = YES;
				GCC_C_LANGUAGE_STANDARD = gnu99;
				GCC_NO_COMMON_BLOCKS = YES;
				GCC_WARN_64_TO_32_BIT_CONVERSION = YES;
				GCC_WARN_ABOUT_RETURN_TYPE = YES_ERROR;
				GCC_WARN_UNDECLARED_SELECTOR = YES;
				GCC_WARN_UNINITIALIZED_AUTOS = YES_AGGRESSIVE;
				GCC_WARN_UNUSED_FUNCTION = YES;
				GCC_WARN_UNUSED_VARIABLE = YES;
				IPHONEOS_DEPLOYMENT_TARGET = 9.0;
				MTL_ENABLE_DEBUG_INFO = NO;
				SDKROOT = iphoneos;
				VALIDATE_PRODUCT = YES;
			};
			name = Release;
		};
		36F88B971BD5D176000E5EAE /* Debug */ = {
			isa = XCBuildConfiguration;
			buildSettings = {
				ASSETCATALOG_COMPILER_APPICON_NAME = AppIcon;
				INFOPLIST_FILE = Week3FirstApp/Info.plist;
				LD_RUNPATH_SEARCH_PATHS = "$(inherited) @executable_path/Frameworks";
				PRODUCT_BUNDLE_IDENTIFIER = AC.Week3FirstApp;
				PRODUCT_NAME = "$(TARGET_NAME)";
			};
			name = Debug;
		};
		36F88B981BD5D176000E5EAE /* Release */ = {
			isa = XCBuildConfiguration;
			buildSettings = {
				ASSETCATALOG_COMPILER_APPICON_NAME = AppIcon;
				INFOPLIST_FILE = Week3FirstApp/Info.plist;
				LD_RUNPATH_SEARCH_PATHS = "$(inherited) @executable_path/Frameworks";
				PRODUCT_BUNDLE_IDENTIFIER = AC.Week3FirstApp;
				PRODUCT_NAME = "$(TARGET_NAME)";
			};
			name = Release;
		};
		36F88B9A1BD5D176000E5EAE /* Debug */ = {
			isa = XCBuildConfiguration;
			buildSettings = {
				BUNDLE_LOADER = "$(TEST_HOST)";
				INFOPLIST_FILE = Week3FirstAppTests/Info.plist;
				LD_RUNPATH_SEARCH_PATHS = "$(inherited) @executable_path/Frameworks @loader_path/Frameworks";
				PRODUCT_BUNDLE_IDENTIFIER = AC.Week3FirstAppTests;
				PRODUCT_NAME = "$(TARGET_NAME)";
				TEST_HOST = "$(BUILT_PRODUCTS_DIR)/Week3FirstApp.app/Week3FirstApp";
			};
			name = Debug;
		};
		36F88B9B1BD5D176000E5EAE /* Release */ = {
			isa = XCBuildConfiguration;
			buildSettings = {
				BUNDLE_LOADER = "$(TEST_HOST)";
				INFOPLIST_FILE = Week3FirstAppTests/Info.plist;
				LD_RUNPATH_SEARCH_PATHS = "$(inherited) @executable_path/Frameworks @loader_path/Frameworks";
				PRODUCT_BUNDLE_IDENTIFIER = AC.Week3FirstAppTests;
				PRODUCT_NAME = "$(TARGET_NAME)";
				TEST_HOST = "$(BUILT_PRODUCTS_DIR)/Week3FirstApp.app/Week3FirstApp";
			};
			name = Release;
		};
		36F88B9D1BD5D176000E5EAE /* Debug */ = {
			isa = XCBuildConfiguration;
			buildSettings = {
				INFOPLIST_FILE = Week3FirstAppUITests/Info.plist;
				LD_RUNPATH_SEARCH_PATHS = "$(inherited) @executable_path/Frameworks @loader_path/Frameworks";
				PRODUCT_BUNDLE_IDENTIFIER = AC.Week3FirstAppUITests;
				PRODUCT_NAME = "$(TARGET_NAME)";
				TEST_TARGET_NAME = Week3FirstApp;
				USES_XCTRUNNER = YES;
			};
			name = Debug;
		};
		36F88B9E1BD5D176000E5EAE /* Release */ = {
			isa = XCBuildConfiguration;
			buildSettings = {
				INFOPLIST_FILE = Week3FirstAppUITests/Info.plist;
				LD_RUNPATH_SEARCH_PATHS = "$(inherited) @executable_path/Frameworks @loader_path/Frameworks";
				PRODUCT_BUNDLE_IDENTIFIER = AC.Week3FirstAppUITests;
				PRODUCT_NAME = "$(TARGET_NAME)";
				TEST_TARGET_NAME = Week3FirstApp;
				USES_XCTRUNNER = YES;
			};
			name = Release;
		};
/* End XCBuildConfiguration section */

/* Begin XCConfigurationList section */
		36F88B691BD5D175000E5EAE /* Build configuration list for PBXProject "Week3FirstApp" */ = {
			isa = XCConfigurationList;
			buildConfigurations = (
				36F88B941BD5D176000E5EAE /* Debug */,
				36F88B951BD5D176000E5EAE /* Release */,
			);
			defaultConfigurationIsVisible = 0;
			defaultConfigurationName = Release;
		};
		36F88B961BD5D176000E5EAE /* Build configuration list for PBXNativeTarget "Week3FirstApp" */ = {
			isa = XCConfigurationList;
			buildConfigurations = (
				36F88B971BD5D176000E5EAE /* Debug */,
				36F88B981BD5D176000E5EAE /* Release */,
			);
			defaultConfigurationIsVisible = 0;
			defaultConfigurationName = Release;
		};
		36F88B991BD5D176000E5EAE /* Build configuration list for PBXNativeTarget "Week3FirstAppTests" */ = {
			isa = XCConfigurationList;
			buildConfigurations = (
				36F88B9A1BD5D176000E5EAE /* Debug */,
				36F88B9B1BD5D176000E5EAE /* Release */,
			);
			defaultConfigurationIsVisible = 0;
			defaultConfigurationName = Release;
		};
		36F88B9C1BD5D176000E5EAE /* Build configuration list for PBXNativeTarget "Week3FirstAppUITests" */ = {
			isa = XCConfigurationList;
			buildConfigurations = (
				36F88B9D1BD5D176000E5EAE /* Debug */,
				36F88B9E1BD5D176000E5EAE /* Release */,
			);
			defaultConfigurationIsVisible = 0;
			defaultConfigurationName = Release;
		};
/* End XCConfigurationList section */
	};
	rootObject = 36F88B661BD5D175000E5EAE /* Project object */;
}
