// !$*UTF8*$!
{
	archiveVersion = 1;
	classes = {
	};
	objectVersion = 46;
	objects = {

/* Begin PBXBuildFile section */
		D1F19F211BD5973700C2C35D /* AppDelegate.swift in Sources */ = {isa = PBXBuildFile; fileRef = D1F19F201BD5973700C2C35D /* AppDelegate.swift */; };
		D1F19F231BD5973700C2C35D /* ViewController.swift in Sources */ = {isa = PBXBuildFile; fileRef = D1F19F221BD5973700C2C35D /* ViewController.swift */; };
		D1F19F261BD5973700C2C35D /* Main.storyboard in Resources */ = {isa = PBXBuildFile; fileRef = D1F19F241BD5973700C2C35D /* Main.storyboard */; };
		D1F19F281BD5973700C2C35D /* Assets.xcassets in Resources */ = {isa = PBXBuildFile; fileRef = D1F19F271BD5973700C2C35D /* Assets.xcassets */; };
		D1F19F2B1BD5973700C2C35D /* LaunchScreen.storyboard in Resources */ = {isa = PBXBuildFile; fileRef = D1F19F291BD5973700C2C35D /* LaunchScreen.storyboard */; };
		D1F19F331BD5980A00C2C35D /* ListItem.swift in Sources */ = {isa = PBXBuildFile; fileRef = D1F19F321BD5980A00C2C35D /* ListItem.swift */; settings = {ASSET_TAGS = (); }; };
		D1F19F351BD5982B00C2C35D /* ShoppingList.swift in Sources */ = {isa = PBXBuildFile; fileRef = D1F19F341BD5982B00C2C35D /* ShoppingList.swift */; settings = {ASSET_TAGS = (); }; };
/* End PBXBuildFile section */

/* Begin PBXFileReference section */
		D1F19F1D1BD5973700C2C35D /* Wk3.app */ = {isa = PBXFileReference; explicitFileType = wrapper.application; includeInIndex = 0; path = Wk3.app; sourceTree = BUILT_PRODUCTS_DIR; };
		D1F19F201BD5973700C2C35D /* AppDelegate.swift */ = {isa = PBXFileReference; lastKnownFileType = sourcecode.swift; path = AppDelegate.swift; sourceTree = "<group>"; };
		D1F19F221BD5973700C2C35D /* ViewController.swift */ = {isa = PBXFileReference; lastKnownFileType = sourcecode.swift; path = ViewController.swift; sourceTree = "<group>"; };
		D1F19F251BD5973700C2C35D /* Base */ = {isa = PBXFileReference; lastKnownFileType = file.storyboard; name = Base; path = Base.lproj/Main.storyboard; sourceTree = "<group>"; };
		D1F19F271BD5973700C2C35D /* Assets.xcassets */ = {isa = PBXFileReference; lastKnownFileType = folder.assetcatalog; path = Assets.xcassets; sourceTree = "<group>"; };
		D1F19F2A1BD5973700C2C35D /* Base */ = {isa = PBXFileReference; lastKnownFileType = file.storyboard; name = Base; path = Base.lproj/LaunchScreen.storyboard; sourceTree = "<group>"; };
		D1F19F2C1BD5973700C2C35D /* Info.plist */ = {isa = PBXFileReference; lastKnownFileType = text.plist.xml; path = Info.plist; sourceTree = "<group>"; };
		D1F19F321BD5980A00C2C35D /* ListItem.swift */ = {isa = PBXFileReference; fileEncoding = 4; lastKnownFileType = sourcecode.swift; path = ListItem.swift; sourceTree = "<group>"; };
		D1F19F341BD5982B00C2C35D /* ShoppingList.swift */ = {isa = PBXFileReference; fileEncoding = 4; lastKnownFileType = sourcecode.swift; path = ShoppingList.swift; sourceTree = "<group>"; };
/* End PBXFileReference section */

/* Begin PBXFrameworksBuildPhase section */
		D1F19F1A1BD5973700C2C35D /* Frameworks */ = {
			isa = PBXFrameworksBuildPhase;
			buildActionMask = 2147483647;
			files = (
			);
			runOnlyForDeploymentPostprocessing = 0;
		};
/* End PBXFrameworksBuildPhase section */

/* Begin PBXGroup section */
		D1F19F141BD5973700C2C35D = {
			isa = PBXGroup;
			children = (
				D1F19F1F1BD5973700C2C35D /* Wk3 */,
				D1F19F1E1BD5973700C2C35D /* Products */,
			);
			sourceTree = "<group>";
		};
		D1F19F1E1BD5973700C2C35D /* Products */ = {
			isa = PBXGroup;
			children = (
				D1F19F1D1BD5973700C2C35D /* Wk3.app */,
			);
			name = Products;
			sourceTree = "<group>";
		};
		D1F19F1F1BD5973700C2C35D /* Wk3 */ = {
			isa = PBXGroup;
			children = (
				D1F19F201BD5973700C2C35D /* AppDelegate.swift */,
				D1F19F221BD5973700C2C35D /* ViewController.swift */,
				D1F19F321BD5980A00C2C35D /* ListItem.swift */,
				D1F19F341BD5982B00C2C35D /* ShoppingList.swift */,
				D1F19F241BD5973700C2C35D /* Main.storyboard */,
				D1F19F271BD5973700C2C35D /* Assets.xcassets */,
				D1F19F291BD5973700C2C35D /* LaunchScreen.storyboard */,
				D1F19F2C1BD5973700C2C35D /* Info.plist */,
			);
			path = Wk3;
			sourceTree = "<group>";
		};
/* End PBXGroup section */

/* Begin PBXNativeTarget section */
		D1F19F1C1BD5973700C2C35D /* Wk3 */ = {
			isa = PBXNativeTarget;
			buildConfigurationList = D1F19F2F1BD5973700C2C35D /* Build configuration list for PBXNativeTarget "Wk3" */;
			buildPhases = (
				D1F19F191BD5973700C2C35D /* Sources */,
				D1F19F1A1BD5973700C2C35D /* Frameworks */,
				D1F19F1B1BD5973700C2C35D /* Resources */,
			);
			buildRules = (
			);
			dependencies = (
			);
			name = Wk3;
			productName = Wk3;
			productReference = D1F19F1D1BD5973700C2C35D /* Wk3.app */;
			productType = "com.apple.product-type.application";
		};
/* End PBXNativeTarget section */

/* Begin PBXProject section */
		D1F19F151BD5973700C2C35D /* Project object */ = {
			isa = PBXProject;
			attributes = {
				LastUpgradeCheck = 0700;
				ORGANIZATIONNAME = "Annie Lydens";
				TargetAttributes = {
					D1F19F1C1BD5973700C2C35D = {
						CreatedOnToolsVersion = 7.0;
					};
				};
			};
			buildConfigurationList = D1F19F181BD5973700C2C35D /* Build configuration list for PBXProject "Wk3" */;
			compatibilityVersion = "Xcode 3.2";
			developmentRegion = English;
			hasScannedForEncodings = 0;
			knownRegions = (
				en,
				Base,
			);
			mainGroup = D1F19F141BD5973700C2C35D;
			productRefGroup = D1F19F1E1BD5973700C2C35D /* Products */;
			projectDirPath = "";
			projectRoot = "";
			targets = (
				D1F19F1C1BD5973700C2C35D /* Wk3 */,
			);
		};
/* End PBXProject section */

/* Begin PBXResourcesBuildPhase section */
		D1F19F1B1BD5973700C2C35D /* Resources */ = {
			isa = PBXResourcesBuildPhase;
			buildActionMask = 2147483647;
			files = (
				D1F19F2B1BD5973700C2C35D /* LaunchScreen.storyboard in Resources */,
				D1F19F281BD5973700C2C35D /* Assets.xcassets in Resources */,
				D1F19F261BD5973700C2C35D /* Main.storyboard in Resources */,
			);
			runOnlyForDeploymentPostprocessing = 0;
		};
/* End PBXResourcesBuildPhase section */

/* Begin PBXSourcesBuildPhase section */
		D1F19F191BD5973700C2C35D /* Sources */ = {
			isa = PBXSourcesBuildPhase;
			buildActionMask = 2147483647;
			files = (
				D1F19F331BD5980A00C2C35D /* ListItem.swift in Sources */,
				D1F19F351BD5982B00C2C35D /* ShoppingList.swift in Sources */,
				D1F19F231BD5973700C2C35D /* ViewController.swift in Sources */,
				D1F19F211BD5973700C2C35D /* AppDelegate.swift in Sources */,
			);
			runOnlyForDeploymentPostprocessing = 0;
		};
/* End PBXSourcesBuildPhase section */

/* Begin PBXVariantGroup section */
		D1F19F241BD5973700C2C35D /* Main.storyboard */ = {
			isa = PBXVariantGroup;
			children = (
				D1F19F251BD5973700C2C35D /* Base */,
			);
			name = Main.storyboard;
			sourceTree = "<group>";
		};
		D1F19F291BD5973700C2C35D /* LaunchScreen.storyboard */ = {
			isa = PBXVariantGroup;
			children = (
				D1F19F2A1BD5973700C2C35D /* Base */,
			);
			name = LaunchScreen.storyboard;
			sourceTree = "<group>";
		};
/* End PBXVariantGroup section */

/* Begin XCBuildConfiguration section */
		D1F19F2D1BD5973700C2C35D /* Debug */ = {
			isa = XCBuildConfiguration;
			buildSettings = {
				ALWAYS_SEARCH_USER_PATHS = NO;
				CLANG_CXX_LANGUAGE_STANDARD = "gnu++0x";
				CLANG_CXX_LIBRARY = "libc++";
				CLANG_ENABLE_MODULES = YES;
				CLANG_ENABLE_OBJC_ARC = YES;
				CLANG_WARN_BOOL_CONVERSION = YES;
				CLANG_WARN_CONSTANT_CONVERSION = YES;
				CLANG_WARN_DIRECT_OBJC_ISA_USAGE = YES_ERROR;
				CLANG_WARN_EMPTY_BODY = YES;
				CLANG_WARN_ENUM_CONVERSION = YES;
				CLANG_WARN_INT_CONVERSION = YES;
				CLANG_WARN_OBJC_ROOT_CLASS = YES_ERROR;
				CLANG_WARN_UNREACHABLE_CODE = YES;
				CLANG_WARN__DUPLICATE_METHOD_MATCH = YES;
				"CODE_SIGN_IDENTITY[sdk=iphoneos*]" = "iPhone Developer";
				COPY_PHASE_STRIP = NO;
				DEBUG_INFORMATION_FORMAT = dwarf;
				ENABLE_STRICT_OBJC_MSGSEND = YES;
				ENABLE_TESTABILITY = YES;
				GCC_C_LANGUAGE_STANDARD = gnu99;
				GCC_DYNAMIC_NO_PIC = NO;
				GCC_NO_COMMON_BLOCKS = YES;
				GCC_OPTIMIZATION_LEVEL = 0;
				GCC_PREPROCESSOR_DEFINITIONS = (
					"DEBUG=1",
					"$(inherited)",
				);
				GCC_WARN_64_TO_32_BIT_CONVERSION = YES;
				GCC_WARN_ABOUT_RETURN_TYPE = YES_ERROR;
				GCC_WARN_UNDECLARED_SELECTOR = YES;
				GCC_WARN_UNINITIALIZED_AUTOS = YES_AGGRESSIVE;
				GCC_WARN_UNUSED_FUNCTION = YES;
				GCC_WARN_UNUSED_VARIABLE = YES;
				IPHONEOS_DEPLOYMENT_TARGET = 9.0;
				MTL_ENABLE_DEBUG_INFO = YES;
				ONLY_ACTIVE_ARCH = YES;
				SDKROOT = iphoneos;
				SWIFT_OPTIMIZATION_LEVEL = "-Onone";
			};
			name = Debug;
		};
		D1F19F2E1BD5973700C2C35D /* Release */ = {
			isa = XCBuildConfiguration;
			buildSettings = {
				ALWAYS_SEARCH_USER_PATHS = NO;
				CLANG_CXX_LANGUAGE_STANDARD = "gnu++0x";
				CLANG_CXX_LIBRARY = "libc++";
				CLANG_ENABLE_MODULES = YES;
				CLANG_ENABLE_OBJC_ARC = YES;
				CLANG_WARN_BOOL_CONVERSION = YES;
				CLANG_WARN_CONSTANT_CONVERSION = YES;
				CLANG_WARN_DIRECT_OBJC_ISA_USAGE = YES_ERROR;
				CLANG_WARN_EMPTY_BODY = YES;
				CLANG_WARN_ENUM_CONVERSION = YES;
				CLANG_WARN_INT_CONVERSION = YES;
				CLANG_WARN_OBJC_ROOT_CLASS = YES_ERROR;
				CLANG_WARN_UNREACHABLE_CODE = YES;
				CLANG_WARN__DUPLICATE_METHOD_MATCH = YES;
				"CODE_SIGN_IDENTITY[sdk=iphoneos*]" = "iPhone Developer";
				COPY_PHASE_STRIP = NO;
				DEBUG_INFORMATION_FORMAT = "dwarf-with-dsym";
				ENABLE_NS_ASSERTIONS = NO;
				ENABLE_STRICT_OBJC_MSGSEND = YES;
				GCC_C_LANGUAGE_STANDARD = gnu99;
				GCC_NO_COMMON_BLOCKS = YES;
				GCC_WARN_64_TO_32_BIT_CONVERSION = YES;
				GCC_WARN_ABOUT_RETURN_TYPE = YES_ERROR;
				GCC_WARN_UNDECLARED_SELECTOR = YES;
				GCC_WARN_UNINITIALIZED_AUTOS = YES_AGGRESSIVE;
				GCC_WARN_UNUSED_FUNCTION = YES;
				GCC_WARN_UNUSED_VARIABLE = YES;
				IPHONEOS_DEPLOYMENT_TARGET = 9.0;
				MTL_ENABLE_DEBUG_INFO = NO;
				SDKROOT = iphoneos;
				VALIDATE_PRODUCT = YES;
			};
			name = Release;
		};
		D1F19F301BD5973700C2C35D /* Debug */ = {
			isa = XCBuildConfiguration;
			buildSettings = {
				ASSETCATALOG_COMPILER_APPICON_NAME = AppIcon;
				INFOPLIST_FILE = Wk3/Info.plist;
				LD_RUNPATH_SEARCH_PATHS = "$(inherited) @executable_path/Frameworks";
				PRODUCT_BUNDLE_IDENTIFIER = AL.Wk3;
				PRODUCT_NAME = "$(TARGET_NAME)";
			};
			name = Debug;
		};
		D1F19F311BD5973700C2C35D /* Release */ = {
			isa = XCBuildConfiguration;
			buildSettings = {
				ASSETCATALOG_COMPILER_APPICON_NAME = AppIcon;
				INFOPLIST_FILE = Wk3/Info.plist;
				LD_RUNPATH_SEARCH_PATHS = "$(inherited) @executable_path/Frameworks";
				PRODUCT_BUNDLE_IDENTIFIER = AL.Wk3;
				PRODUCT_NAME = "$(TARGET_NAME)";
			};
			name = Release;
		};
/* End XCBuildConfiguration section */

/* Begin XCConfigurationList section */
		D1F19F181BD5973700C2C35D /* Build configuration list for PBXProject "Wk3" */ = {
			isa = XCConfigurationList;
			buildConfigurations = (
				D1F19F2D1BD5973700C2C35D /* Debug */,
				D1F19F2E1BD5973700C2C35D /* Release */,
			);
			defaultConfigurationIsVisible = 0;
			defaultConfigurationName = Release;
		};
		D1F19F2F1BD5973700C2C35D /* Build configuration list for PBXNativeTarget "Wk3" */ = {
			isa = XCConfigurationList;
			buildConfigurations = (
				D1F19F301BD5973700C2C35D /* Debug */,
				D1F19F311BD5973700C2C35D /* Release */,
			);
			defaultConfigurationIsVisible = 0;
		};
/* End XCConfigurationList section */
	};
	rootObject = D1F19F151BD5973700C2C35D /* Project object */;
}
